
Microsoft Visual Studio Solution File, Format Version 12.00
# Visual Studio 15
VisualStudioVersion = 15.0.27703.2042
MinimumVisualStudioVersion = 10.0.40219.1
Project("{FAE04EC0-301F-11D3-BF4B-00C04F79EFBC}") = "TrashCollector", "TrashCollector\TrashCollector.csproj", "{C587A088-5F48-48CD-8400-495BF96972E8}"
EndProject
Project("{FAE04EC0-301F-11D3-BF4B-00C04F79EFBC}") = "TrashCollector.Tests", "TrashCollector.Tests\TrashCollector.Tests.csproj", "{BE0D8A80-BF7C-496A-85CC-CB068202FB34}"
EndProject
Global
	GlobalSection(SolutionConfigurationPlatforms) = preSolution
		Debug|Any CPU = Debug|Any CPU
		Release|Any CPU = Release|Any CPU
	EndGlobalSection
	GlobalSection(ProjectConfigurationPlatforms) = postSolution
		{C587A088-5F48-48CD-8400-495BF96972E8}.Debug|Any CPU.ActiveCfg = Debug|Any CPU
		{C587A088-5F48-48CD-8400-495BF96972E8}.Debug|Any CPU.Build.0 = Debug|Any CPU
		{C587A088-5F48-48CD-8400-495BF96972E8}.Release|Any CPU.ActiveCfg = Release|Any CPU
		{C587A088-5F48-48CD-8400-495BF96972E8}.Release|Any CPU.Build.0 = Release|Any CPU
		{BE0D8A80-BF7C-496A-85CC-CB068202FB34}.Debug|Any CPU.ActiveCfg = Debug|Any CPU
		{BE0D8A80-BF7C-496A-85CC-CB068202FB34}.Debug|Any CPU.Build.0 = Debug|Any CPU
		{BE0D8A80-BF7C-496A-85CC-CB068202FB34}.Release|Any CPU.ActiveCfg = Release|Any CPU
		{BE0D8A80-BF7C-496A-85CC-CB068202FB34}.Release|Any CPU.Build.0 = Release|Any CPU
	EndGlobalSection
	GlobalSection(SolutionProperties) = preSolution
		HideSolutionNode = FALSE
	EndGlobalSection
	GlobalSection(ExtensibilityGlobals) = postSolution
		SolutionGuid = {8674B5E5-57E3-4B10-BB23-CC320269A5F5}
	EndGlobalSection
EndGlobal
